
Microsoft Visual Studio Solution File, Format Version 12.00
# Visual Studio Version 17
VisualStudioVersion = 17.2.32505.173
MinimumVisualStudioVersion = 10.0.40219.1
Project("{FAE04EC0-301F-11D3-BF4B-00C04F79EFBC}") = "S7DJIMENEZB.Android", "S7DJIMENEZB.Android\S7DJIMENEZB.Android.csproj", "{03C033A9-7722-4461-B4FC-2794B3E80B70}"
EndProject
Project("{FAE04EC0-301F-11D3-BF4B-00C04F79EFBC}") = "S7DJIMENEZB.iOS", "S7DJIMENEZB.iOS\S7DJIMENEZB.iOS.csproj", "{1FE67B59-0942-4002-A40A-8F1E347F636C}"
EndProject
Project("{FAE04EC0-301F-11D3-BF4B-00C04F79EFBC}") = "S7DJIMENEZB", "S7DJIMENEZB\S7DJIMENEZB.csproj", "{13B67DA5-AF5E-4D38-8489-591E9C43A09A}"
EndProject
Global
	GlobalSection(SolutionConfigurationPlatforms) = preSolution
		Debug|Any CPU = Debug|Any CPU
		Debug|iPhone = Debug|iPhone
		Debug|iPhoneSimulator = Debug|iPhoneSimulator
		Release|Any CPU = Release|Any CPU
		Release|iPhone = Release|iPhone
		Release|iPhoneSimulator = Release|iPhoneSimulator
	EndGlobalSection
	GlobalSection(ProjectConfigurationPlatforms) = postSolution
		{03C033A9-7722-4461-B4FC-2794B3E80B70}.Debug|Any CPU.ActiveCfg = Debug|Any CPU
		{03C033A9-7722-4461-B4FC-2794B3E80B70}.Debug|Any CPU.Build.0 = Debug|Any CPU
		{03C033A9-7722-4461-B4FC-2794B3E80B70}.Debug|Any CPU.Deploy.0 = Debug|Any CPU
		{03C033A9-7722-4461-B4FC-2794B3E80B70}.Debug|iPhone.ActiveCfg = Debug|Any CPU
		{03C033A9-7722-4461-B4FC-2794B3E80B70}.Debug|iPhone.Build.0 = Debug|Any CPU
		{03C033A9-7722-4461-B4FC-2794B3E80B70}.Debug|iPhone.Deploy.0 = Debug|Any CPU
		{03C033A9-7722-4461-B4FC-2794B3E80B70}.Debug|iPhoneSimulator.ActiveCfg = Debug|Any CPU
		{03C033A9-7722-4461-B4FC-2794B3E80B70}.Debug|iPhoneSimulator.Build.0 = Debug|Any CPU
		{03C033A9-7722-4461-B4FC-2794B3E80B70}.Debug|iPhoneSimulator.Deploy.0 = Debug|Any CPU
		{03C033A9-7722-4461-B4FC-2794B3E80B70}.Release|Any CPU.ActiveCfg = Release|Any CPU
		{03C033A9-7722-4461-B4FC-2794B3E80B70}.Release|Any CPU.Build.0 = Release|Any CPU
		{03C033A9-7722-4461-B4FC-2794B3E80B70}.Release|Any CPU.Deploy.0 = Release|Any CPU
		{03C033A9-7722-4461-B4FC-2794B3E80B70}.Release|iPhone.ActiveCfg = Release|Any CPU
		{03C033A9-7722-4461-B4FC-2794B3E80B70}.Release|iPhone.Build.0 = Release|Any CPU
		{03C033A9-7722-4461-B4FC-2794B3E80B70}.Release|iPhone.Deploy.0 = Release|Any CPU
		{03C033A9-7722-4461-B4FC-2794B3E80B70}.Release|iPhoneSimulator.ActiveCfg = Release|Any CPU
		{03C033A9-7722-4461-B4FC-2794B3E80B70}.Release|iPhoneSimulator.Build.0 = Release|Any CPU
		{03C033A9-7722-4461-B4FC-2794B3E80B70}.Release|iPhoneSimulator.Deploy.0 = Release|Any CPU
		{1FE67B59-0942-4002-A40A-8F1E347F636C}.Debug|Any CPU.ActiveCfg = Debug|iPhone
		{1FE67B59-0942-4002-A40A-8F1E347F636C}.Debug|Any CPU.Build.0 = Debug|iPhone
		{1FE67B59-0942-4002-A40A-8F1E347F636C}.Debug|Any CPU.Deploy.0 = Debug|iPhone
		{1FE67B59-0942-4002-A40A-8F1E347F636C}.Debug|iPhone.ActiveCfg = Debug|iPhone
		{1FE67B59-0942-4002-A40A-8F1E347F636C}.Debug|iPhone.Build.0 = Debug|iPhone
		{1FE67B59-0942-4002-A40A-8F1E347F636C}.Debug|iPhone.Deploy.0 = Debug|iPhone
		{1FE67B59-0942-4002-A40A-8F1E347F636C}.Debug|iPhoneSimulator.ActiveCfg = Debug|iPhoneSimulator
		{1FE67B59-0942-4002-A40A-8F1E347F636C}.Debug|iPhoneSimulator.Build.0 = Debug|iPhoneSimulator
		{1FE67B59-0942-4002-A40A-8F1E347F636C}.Debug|iPhoneSimulator.Deploy.0 = Debug|iPhoneSimulator
		{1FE67B59-0942-4002-A40A-8F1E347F636C}.Release|Any CPU.ActiveCfg = Release|iPhoneSimulator
		{1FE67B59-0942-4002-A40A-8F1E347F636C}.Release|Any CPU.Build.0 = Release|iPhoneSimulator
		{1FE67B59-0942-4002-A40A-8F1E347F636C}.Release|Any CPU.Deploy.0 = Release|iPhoneSimulator
		{1FE67B59-0942-4002-A40A-8F1E347F636C}.Release|iPhone.ActiveCfg = Release|iPhone
		{1FE67B59-0942-4002-A40A-8F1E347F636C}.Release|iPhone.Build.0 = Release|iPhone
		{1FE67B59-0942-4002-A40A-8F1E347F636C}.Release|iPhone.Deploy.0 = Release|iPhone
		{1FE67B59-0942-4002-A40A-8F1E347F636C}.Release|iPhoneSimulator.ActiveCfg = Release|iPhoneSimulator
		{1FE67B59-0942-4002-A40A-8F1E347F636C}.Release|iPhoneSimulator.Build.0 = Release|iPhoneSimulator
		{1FE67B59-0942-4002-A40A-8F1E347F636C}.Release|iPhoneSimulator.Deploy.0 = Release|iPhoneSimulator
		{13B67DA5-AF5E-4D38-8489-591E9C43A09A}.Debug|Any CPU.ActiveCfg = Debug|Any CPU
		{13B67DA5-AF5E-4D38-8489-591E9C43A09A}.Debug|Any CPU.Build.0 = Debug|Any CPU
		{13B67DA5-AF5E-4D38-8489-591E9C43A09A}.Debug|Any CPU.Deploy.0 = Debug|Any CPU
		{13B67DA5-AF5E-4D38-8489-591E9C43A09A}.Debug|iPhone.ActiveCfg = Debug|Any CPU
		{13B67DA5-AF5E-4D38-8489-591E9C43A09A}.Debug|iPhone.Build.0 = Debug|Any CPU
		{13B67DA5-AF5E-4D38-8489-591E9C43A09A}.Debug|iPhone.Deploy.0 = Debug|Any CPU
		{13B67DA5-AF5E-4D38-8489-591E9C43A09A}.Debug|iPhoneSimulator.ActiveCfg = Debug|Any CPU
		{13B67DA5-AF5E-4D38-8489-591E9C43A09A}.Debug|iPhoneSimulator.Build.0 = Debug|Any CPU
		{13B67DA5-AF5E-4D38-8489-591E9C43A09A}.Debug|iPhoneSimulator.Deploy.0 = Debug|Any CPU
		{13B67DA5-AF5E-4D38-8489-591E9C43A09A}.Release|Any CPU.ActiveCfg = Release|Any CPU
		{13B67DA5-AF5E-4D38-8489-591E9C43A09A}.Release|Any CPU.Build.0 = Release|Any CPU
		{13B67DA5-AF5E-4D38-8489-591E9C43A09A}.Release|Any CPU.Deploy.0 = Release|Any CPU
		{13B67DA5-AF5E-4D38-8489-591E9C43A09A}.Release|iPhone.ActiveCfg = Release|Any CPU
		{13B67DA5-AF5E-4D38-8489-591E9C43A09A}.Release|iPhone.Build.0 = Release|Any CPU
		{13B67DA5-AF5E-4D38-8489-591E9C43A09A}.Release|iPhone.Deploy.0 = Release|Any CPU
		{13B67DA5-AF5E-4D38-8489-591E9C43A09A}.Release|iPhoneSimulator.ActiveCfg = Release|Any CPU
		{13B67DA5-AF5E-4D38-8489-591E9C43A09A}.Release|iPhoneSimulator.Build.0 = Release|Any CPU
		{13B67DA5-AF5E-4D38-8489-591E9C43A09A}.Release|iPhoneSimulator.Deploy.0 = Release|Any CPU
	EndGlobalSection
	GlobalSection(SolutionProperties) = preSolution
		HideSolutionNode = FALSE
	EndGlobalSection
	GlobalSection(ExtensibilityGlobals) = postSolution
		SolutionGuid = {1DBFCD96-2201-4085-BC7C-0BDB04777B17}
	EndGlobalSection
EndGlobal
